// !$*UTF8*$!
{
	archiveVersion = 1;
	classes = {
	};
	objectVersion = 56;
	objects = {

/* Begin PBXBuildFile section */
		833CCE0D296E8D69003A05F0 /* HomeUseCase.swift in Sources */ = {isa = PBXBuildFile; fileRef = 833CCE0C296E8D69003A05F0 /* HomeUseCase.swift */; };
		833CCE0F296E8E16003A05F0 /* BaseResponse.swift in Sources */ = {isa = PBXBuildFile; fileRef = 833CCE0E296E8E16003A05F0 /* BaseResponse.swift */; };
		833CCE11296E90BE003A05F0 /* UserResponse.swift in Sources */ = {isa = PBXBuildFile; fileRef = 833CCE10296E90BE003A05F0 /* UserResponse.swift */; };
		833CCE13296E939B003A05F0 /* HomeViewModel.swift in Sources */ = {isa = PBXBuildFile; fileRef = 833CCE12296E939B003A05F0 /* HomeViewModel.swift */; };
		834543B9296BC6EC00D83037 /* BaseAPI.swift in Sources */ = {isa = PBXBuildFile; fileRef = 834543B8296BC6EC00D83037 /* BaseAPI.swift */; };
		834543BC296BC71400D83037 /* Alamofire in Frameworks */ = {isa = PBXBuildFile; productRef = 834543BB296BC71400D83037 /* Alamofire */; };
		834543BE296BC76B00D83037 /* TargetType.swift in Sources */ = {isa = PBXBuildFile; fileRef = 834543BD296BC76B00D83037 /* TargetType.swift */; };
		834543C1296BC7A100D83037 /* APIError.swift in Sources */ = {isa = PBXBuildFile; fileRef = 834543C0296BC7A100D83037 /* APIError.swift */; };
		834543C4296BC7E600D83037 /* BaseAPI+Extension.swift in Sources */ = {isa = PBXBuildFile; fileRef = 834543C3296BC7E600D83037 /* BaseAPI+Extension.swift */; };
		834543C7296C221800D83037 /* HomeEndPoint.swift in Sources */ = {isa = PBXBuildFile; fileRef = 834543C6296C221800D83037 /* HomeEndPoint.swift */; };
		834543C9296C236E00D83037 /* ApiConfig.swift in Sources */ = {isa = PBXBuildFile; fileRef = 834543C8296C236E00D83037 /* ApiConfig.swift */; };
		834543CE296C29F400D83037 /* AlamofireLogger.swift in Sources */ = {isa = PBXBuildFile; fileRef = 834543CD296C29F400D83037 /* AlamofireLogger.swift */; };
		834543D0296C3D9A00D83037 /* MessageHelper.swift in Sources */ = {isa = PBXBuildFile; fileRef = 834543CF296C3D9A00D83037 /* MessageHelper.swift */; };
		834543D2296C5FB500D83037 /* AFError+Extension.swift in Sources */ = {isa = PBXBuildFile; fileRef = 834543D1296C5FB500D83037 /* AFError+Extension.swift */; };
		834543D6296C64DE00D83037 /* Certificates.swift in Sources */ = {isa = PBXBuildFile; fileRef = 834543D5296C64DE00D83037 /* Certificates.swift */; };
		8347C9EF296DACB5009D8774 /* HomeView.swift in Sources */ = {isa = PBXBuildFile; fileRef = 8347C9EE296DACB5009D8774 /* HomeView.swift */; };
		8347C9F3296DAEC6009D8774 /* UnidirectionalDataFlowType.swift in Sources */ = {isa = PBXBuildFile; fileRef = 8347C9F2296DAEC6009D8774 /* UnidirectionalDataFlowType.swift */; };
		8347C9F5296DAEF3009D8774 /* ViewModelStatus.swift in Sources */ = {isa = PBXBuildFile; fileRef = 8347C9F4296DAEF3009D8774 /* ViewModelStatus.swift */; };
		8348C4D9297154ED00AB80BB /* BaseViewModel.swift in Sources */ = {isa = PBXBuildFile; fileRef = 8348C4D8297154ED00AB80BB /* BaseViewModel.swift */; };
		8348C4DB2971553700AB80BB /* Scheduler.swift in Sources */ = {isa = PBXBuildFile; fileRef = 8348C4DA2971553700AB80BB /* Scheduler.swift */; };
		834FC3C729752C8500973676 /* UseCase+Injection.swift in Sources */ = {isa = PBXBuildFile; fileRef = 834FC3C629752C8500973676 /* UseCase+Injection.swift */; };
		836241D6296B0D0C005D3A01 /* GithubUsersApp.swift in Sources */ = {isa = PBXBuildFile; fileRef = 836241D5296B0D0C005D3A01 /* GithubUsersApp.swift */; };
		836241DA296B0D0D005D3A01 /* Assets.xcassets in Resources */ = {isa = PBXBuildFile; fileRef = 836241D9296B0D0D005D3A01 /* Assets.xcassets */; };
		836241DD296B0D0D005D3A01 /* Preview Assets.xcassets in Resources */ = {isa = PBXBuildFile; fileRef = 836241DC296B0D0D005D3A01 /* Preview Assets.xcassets */; };
		836241DF296B0D0D005D3A01 /* Persistence.swift in Sources */ = {isa = PBXBuildFile; fileRef = 836241DE296B0D0D005D3A01 /* Persistence.swift */; };
		836241E2296B0D0D005D3A01 /* GithubUsers.xcdatamodeld in Sources */ = {isa = PBXBuildFile; fileRef = 836241E0296B0D0D005D3A01 /* GithubUsers.xcdatamodeld */; };
		836241EC296B0D0E005D3A01 /* GithubUsersTests.swift in Sources */ = {isa = PBXBuildFile; fileRef = 836241EB296B0D0E005D3A01 /* GithubUsersTests.swift */; };
		836241F6296B0D0E005D3A01 /* GithubUsersUITests.swift in Sources */ = {isa = PBXBuildFile; fileRef = 836241F5296B0D0E005D3A01 /* GithubUsersUITests.swift */; };
		836241F8296B0D0E005D3A01 /* GithubUsersUITestsLaunchTests.swift in Sources */ = {isa = PBXBuildFile; fileRef = 836241F7296B0D0E005D3A01 /* GithubUsersUITestsLaunchTests.swift */; };
		838B49CA2973C3D4007C616C /* Factory in Frameworks */ = {isa = PBXBuildFile; productRef = 838B49C92973C3D4007C616C /* Factory */; };
		838B49CD2973C47A007C616C /* ViewModels+Injection.swift in Sources */ = {isa = PBXBuildFile; fileRef = 838B49CC2973C47A007C616C /* ViewModels+Injection.swift */; };
/* End PBXBuildFile section */

/* Begin PBXContainerItemProxy section */
		836241E8296B0D0E005D3A01 /* PBXContainerItemProxy */ = {
			isa = PBXContainerItemProxy;
			containerPortal = 836241CA296B0D0C005D3A01 /* Project object */;
			proxyType = 1;
			remoteGlobalIDString = 836241D1296B0D0C005D3A01;
			remoteInfo = GithubUsers;
		};
		836241F2296B0D0E005D3A01 /* PBXContainerItemProxy */ = {
			isa = PBXContainerItemProxy;
			containerPortal = 836241CA296B0D0C005D3A01 /* Project object */;
			proxyType = 1;
			remoteGlobalIDString = 836241D1296B0D0C005D3A01;
			remoteInfo = GithubUsers;
		};
/* End PBXContainerItemProxy section */

/* Begin PBXFileReference section */
		833CCE0C296E8D69003A05F0 /* HomeUseCase.swift */ = {isa = PBXFileReference; lastKnownFileType = sourcecode.swift; path = HomeUseCase.swift; sourceTree = "<group>"; };
		833CCE0E296E8E16003A05F0 /* BaseResponse.swift */ = {isa = PBXFileReference; lastKnownFileType = sourcecode.swift; path = BaseResponse.swift; sourceTree = "<group>"; };
		833CCE10296E90BE003A05F0 /* UserResponse.swift */ = {isa = PBXFileReference; lastKnownFileType = sourcecode.swift; path = UserResponse.swift; sourceTree = "<group>"; };
		833CCE12296E939B003A05F0 /* HomeViewModel.swift */ = {isa = PBXFileReference; lastKnownFileType = sourcecode.swift; path = HomeViewModel.swift; sourceTree = "<group>"; };
		834543B8296BC6EC00D83037 /* BaseAPI.swift */ = {isa = PBXFileReference; lastKnownFileType = sourcecode.swift; path = BaseAPI.swift; sourceTree = "<group>"; };
		834543BD296BC76B00D83037 /* TargetType.swift */ = {isa = PBXFileReference; lastKnownFileType = sourcecode.swift; path = TargetType.swift; sourceTree = "<group>"; };
		834543C0296BC7A100D83037 /* APIError.swift */ = {isa = PBXFileReference; lastKnownFileType = sourcecode.swift; path = APIError.swift; sourceTree = "<group>"; };
		834543C3296BC7E600D83037 /* BaseAPI+Extension.swift */ = {isa = PBXFileReference; lastKnownFileType = sourcecode.swift; path = "BaseAPI+Extension.swift"; sourceTree = "<group>"; };
		834543C6296C221800D83037 /* HomeEndPoint.swift */ = {isa = PBXFileReference; lastKnownFileType = sourcecode.swift; path = HomeEndPoint.swift; sourceTree = "<group>"; };
		834543C8296C236E00D83037 /* ApiConfig.swift */ = {isa = PBXFileReference; lastKnownFileType = sourcecode.swift; path = ApiConfig.swift; sourceTree = "<group>"; };
		834543CD296C29F400D83037 /* AlamofireLogger.swift */ = {isa = PBXFileReference; lastKnownFileType = sourcecode.swift; path = AlamofireLogger.swift; sourceTree = "<group>"; };
		834543CF296C3D9A00D83037 /* MessageHelper.swift */ = {isa = PBXFileReference; lastKnownFileType = sourcecode.swift; path = MessageHelper.swift; sourceTree = "<group>"; };
		834543D1296C5FB500D83037 /* AFError+Extension.swift */ = {isa = PBXFileReference; lastKnownFileType = sourcecode.swift; path = "AFError+Extension.swift"; sourceTree = "<group>"; };
		834543D4296C64CB00D83037 /* sni.cloudflaressl.com.cer */ = {isa = PBXFileReference; lastKnownFileType = file; path = sni.cloudflaressl.com.cer; sourceTree = "<group>"; };
		834543D5296C64DE00D83037 /* Certificates.swift */ = {isa = PBXFileReference; lastKnownFileType = sourcecode.swift; path = Certificates.swift; sourceTree = "<group>"; };
		8347C9EE296DACB5009D8774 /* HomeView.swift */ = {isa = PBXFileReference; lastKnownFileType = sourcecode.swift; path = HomeView.swift; sourceTree = "<group>"; };
		8347C9F2296DAEC6009D8774 /* UnidirectionalDataFlowType.swift */ = {isa = PBXFileReference; lastKnownFileType = sourcecode.swift; path = UnidirectionalDataFlowType.swift; sourceTree = "<group>"; };
		8347C9F4296DAEF3009D8774 /* ViewModelStatus.swift */ = {isa = PBXFileReference; lastKnownFileType = sourcecode.swift; path = ViewModelStatus.swift; sourceTree = "<group>"; };
		8348C4D8297154ED00AB80BB /* BaseViewModel.swift */ = {isa = PBXFileReference; lastKnownFileType = sourcecode.swift; path = BaseViewModel.swift; sourceTree = "<group>"; };
		8348C4DA2971553700AB80BB /* Scheduler.swift */ = {isa = PBXFileReference; lastKnownFileType = sourcecode.swift; path = Scheduler.swift; sourceTree = "<group>"; };
		834FC3C629752C8500973676 /* UseCase+Injection.swift */ = {isa = PBXFileReference; lastKnownFileType = sourcecode.swift; path = "UseCase+Injection.swift"; sourceTree = "<group>"; };
		836241D2296B0D0C005D3A01 /* GithubUsers.app */ = {isa = PBXFileReference; explicitFileType = wrapper.application; includeInIndex = 0; path = GithubUsers.app; sourceTree = BUILT_PRODUCTS_DIR; };
		836241D5296B0D0C005D3A01 /* GithubUsersApp.swift */ = {isa = PBXFileReference; lastKnownFileType = sourcecode.swift; path = GithubUsersApp.swift; sourceTree = "<group>"; };
		836241D9296B0D0D005D3A01 /* Assets.xcassets */ = {isa = PBXFileReference; lastKnownFileType = folder.assetcatalog; path = Assets.xcassets; sourceTree = "<group>"; };
		836241DC296B0D0D005D3A01 /* Preview Assets.xcassets */ = {isa = PBXFileReference; lastKnownFileType = folder.assetcatalog; path = "Preview Assets.xcassets"; sourceTree = "<group>"; };
		836241DE296B0D0D005D3A01 /* Persistence.swift */ = {isa = PBXFileReference; lastKnownFileType = sourcecode.swift; path = Persistence.swift; sourceTree = "<group>"; };
		836241E1296B0D0D005D3A01 /* GithubUsers.xcdatamodel */ = {isa = PBXFileReference; lastKnownFileType = wrapper.xcdatamodel; path = GithubUsers.xcdatamodel; sourceTree = "<group>"; };
		836241E7296B0D0E005D3A01 /* GithubUsersTests.xctest */ = {isa = PBXFileReference; explicitFileType = wrapper.cfbundle; includeInIndex = 0; path = GithubUsersTests.xctest; sourceTree = BUILT_PRODUCTS_DIR; };
		836241EB296B0D0E005D3A01 /* GithubUsersTests.swift */ = {isa = PBXFileReference; lastKnownFileType = sourcecode.swift; path = GithubUsersTests.swift; sourceTree = "<group>"; };
		836241F1296B0D0E005D3A01 /* GithubUsersUITests.xctest */ = {isa = PBXFileReference; explicitFileType = wrapper.cfbundle; includeInIndex = 0; path = GithubUsersUITests.xctest; sourceTree = BUILT_PRODUCTS_DIR; };
		836241F5296B0D0E005D3A01 /* GithubUsersUITests.swift */ = {isa = PBXFileReference; lastKnownFileType = sourcecode.swift; path = GithubUsersUITests.swift; sourceTree = "<group>"; };
		836241F7296B0D0E005D3A01 /* GithubUsersUITestsLaunchTests.swift */ = {isa = PBXFileReference; lastKnownFileType = sourcecode.swift; path = GithubUsersUITestsLaunchTests.swift; sourceTree = "<group>"; };
		838B49CC2973C47A007C616C /* ViewModels+Injection.swift */ = {isa = PBXFileReference; lastKnownFileType = sourcecode.swift; path = "ViewModels+Injection.swift"; sourceTree = "<group>"; };
/* End PBXFileReference section */

/* Begin PBXFrameworksBuildPhase section */
		836241CF296B0D0C005D3A01 /* Frameworks */ = {
			isa = PBXFrameworksBuildPhase;
			buildActionMask = 2147483647;
			files = (
				834543BC296BC71400D83037 /* Alamofire in Frameworks */,
				838B49CA2973C3D4007C616C /* Factory in Frameworks */,
			);
			runOnlyForDeploymentPostprocessing = 0;
		};
		836241E4296B0D0E005D3A01 /* Frameworks */ = {
			isa = PBXFrameworksBuildPhase;
			buildActionMask = 2147483647;
			files = (
			);
			runOnlyForDeploymentPostprocessing = 0;
		};
		836241EE296B0D0E005D3A01 /* Frameworks */ = {
			isa = PBXFrameworksBuildPhase;
			buildActionMask = 2147483647;
			files = (
			);
			runOnlyForDeploymentPostprocessing = 0;
		};
/* End PBXFrameworksBuildPhase section */

/* Begin PBXGroup section */
		833CCE0A296E885A003A05F0 /* Model */ = {
			isa = PBXGroup;
			children = (
				833CCE0E296E8E16003A05F0 /* BaseResponse.swift */,
			);
			path = Model;
			sourceTree = "<group>";
		};
		834543B6296BC69000D83037 /* Networking */ = {
			isa = PBXGroup;
			children = (
				834543C8296C236E00D83037 /* ApiConfig.swift */,
				834543BF296BC78D00D83037 /* APIError */,
				834543B7296BC6B800D83037 /* Services */,
				8347C9E8296DA94E009D8774 /* Utils */,
			);
			path = Networking;
			sourceTree = "<group>";
		};
		834543B7296BC6B800D83037 /* Services */ = {
			isa = PBXGroup;
			children = (
				834543B8296BC6EC00D83037 /* BaseAPI.swift */,
				834543BD296BC76B00D83037 /* TargetType.swift */,
			);
			path = Services;
			sourceTree = "<group>";
		};
		834543BF296BC78D00D83037 /* APIError */ = {
			isa = PBXGroup;
			children = (
				834543C0296BC7A100D83037 /* APIError.swift */,
			);
			path = APIError;
			sourceTree = "<group>";
		};
		834543C2296BC7C700D83037 /* Extension */ = {
			isa = PBXGroup;
			children = (
				834543C3296BC7E600D83037 /* BaseAPI+Extension.swift */,
				834543D1296C5FB500D83037 /* AFError+Extension.swift */,
			);
			path = Extension;
			sourceTree = "<group>";
		};
		834543C5296C21D700D83037 /* EndPoints */ = {
			isa = PBXGroup;
			children = (
				834543C6296C221800D83037 /* HomeEndPoint.swift */,
			);
			path = EndPoints;
			sourceTree = "<group>";
		};
		834543D3296C64A400D83037 /* Certificate */ = {
			isa = PBXGroup;
			children = (
				834543D4296C64CB00D83037 /* sni.cloudflaressl.com.cer */,
				834543D5296C64DE00D83037 /* Certificates.swift */,
			);
			path = Certificate;
			sourceTree = "<group>";
		};
		8347C9E8296DA94E009D8774 /* Utils */ = {
			isa = PBXGroup;
			children = (
				834543CD296C29F400D83037 /* AlamofireLogger.swift */,
			);
			path = Utils;
			sourceTree = "<group>";
		};
		8347C9E9296DAAA2009D8774 /* Utils */ = {
			isa = PBXGroup;
			children = (
				834543CF296C3D9A00D83037 /* MessageHelper.swift */,
				8348C4DA2971553700AB80BB /* Scheduler.swift */,
			);
			path = Utils;
			sourceTree = "<group>";
		};
		8347C9EA296DAC44009D8774 /* View */ = {
			isa = PBXGroup;
			children = (
				8347C9EE296DACB5009D8774 /* HomeView.swift */,
			);
			path = View;
			sourceTree = "<group>";
		};
		8347C9EB296DAC4E009D8774 /* ViewModel */ = {
			isa = PBXGroup;
			children = (
				833CCE12296E939B003A05F0 /* HomeViewModel.swift */,
			);
			path = ViewModel;
			sourceTree = "<group>";
		};
		8347C9EC296DAC60009D8774 /* UseCase */ = {
			isa = PBXGroup;
			children = (
				833CCE0C296E8D69003A05F0 /* HomeUseCase.swift */,
			);
			path = UseCase;
			sourceTree = "<group>";
		};
		8347C9ED296DAC69009D8774 /* Model */ = {
			isa = PBXGroup;
			children = (
				833CCE10296E90BE003A05F0 /* UserResponse.swift */,
			);
			path = Model;
			sourceTree = "<group>";
		};
		8347C9F0296DAE9C009D8774 /* Base */ = {
			isa = PBXGroup;
			children = (
				8348C4D7297154D600AB80BB /* ViewModel */,
				833CCE0A296E885A003A05F0 /* Model */,
				8347C9F1296DAEAF009D8774 /* Protocol */,
			);
			path = Base;
			sourceTree = "<group>";
		};
		8347C9F1296DAEAF009D8774 /* Protocol */ = {
			isa = PBXGroup;
			children = (
				8347C9F2296DAEC6009D8774 /* UnidirectionalDataFlowType.swift */,
				8347C9F4296DAEF3009D8774 /* ViewModelStatus.swift */,
			);
			path = Protocol;
			sourceTree = "<group>";
		};
		8348C4D7297154D600AB80BB /* ViewModel */ = {
			isa = PBXGroup;
			children = (
				8348C4D8297154ED00AB80BB /* BaseViewModel.swift */,
			);
			path = ViewModel;
			sourceTree = "<group>";
		};
		836241C9296B0D0C005D3A01 = {
			isa = PBXGroup;
			children = (
				836241D4296B0D0C005D3A01 /* GithubUsers */,
				836241EA296B0D0E005D3A01 /* GithubUsersTests */,
				836241F4296B0D0E005D3A01 /* GithubUsersUITests */,
				836241D3296B0D0C005D3A01 /* Products */,
			);
			sourceTree = "<group>";
		};
		836241D3296B0D0C005D3A01 /* Products */ = {
			isa = PBXGroup;
			children = (
				836241D2296B0D0C005D3A01 /* GithubUsers.app */,
				836241E7296B0D0E005D3A01 /* GithubUsersTests.xctest */,
				836241F1296B0D0E005D3A01 /* GithubUsersUITests.xctest */,
			);
			name = Products;
			sourceTree = "<group>";
		};
		836241D4296B0D0C005D3A01 /* GithubUsers */ = {
			isa = PBXGroup;
			children = (
				83793C8C296B0FDB004F1213 /* App */,
				83793C8F296B102F004F1213 /* Features */,
				83793C90296B105C004F1213 /* Components */,
				83793C8E296B1021004F1213 /* Resources */,
				836241DB296B0D0D005D3A01 /* Preview Content */,
			);
			path = GithubUsers;
			sourceTree = "<group>";
		};
		836241DB296B0D0D005D3A01 /* Preview Content */ = {
			isa = PBXGroup;
			children = (
				836241DC296B0D0D005D3A01 /* Preview Assets.xcassets */,
			);
			path = "Preview Content";
			sourceTree = "<group>";
		};
		836241EA296B0D0E005D3A01 /* GithubUsersTests */ = {
			isa = PBXGroup;
			children = (
				836241EB296B0D0E005D3A01 /* GithubUsersTests.swift */,
			);
			path = GithubUsersTests;
			sourceTree = "<group>";
		};
		836241F4296B0D0E005D3A01 /* GithubUsersUITests */ = {
			isa = PBXGroup;
			children = (
				836241F5296B0D0E005D3A01 /* GithubUsersUITests.swift */,
				836241F7296B0D0E005D3A01 /* GithubUsersUITestsLaunchTests.swift */,
			);
			path = GithubUsersUITests;
			sourceTree = "<group>";
		};
		83793C8C296B0FDB004F1213 /* App */ = {
			isa = PBXGroup;
			children = (
				836241D5296B0D0C005D3A01 /* GithubUsersApp.swift */,
				83793C91296B109A004F1213 /* DB */,
				838B49CB2973C422007C616C /* DI */,
			);
			path = App;
			sourceTree = "<group>";
		};
		83793C8E296B1021004F1213 /* Resources */ = {
			isa = PBXGroup;
			children = (
				834543D3296C64A400D83037 /* Certificate */,
				836241D9296B0D0D005D3A01 /* Assets.xcassets */,
			);
			path = Resources;
			sourceTree = "<group>";
		};
		83793C8F296B102F004F1213 /* Features */ = {
			isa = PBXGroup;
			children = (
				83793C92296B10B2004F1213 /* Home */,
			);
			path = Features;
			sourceTree = "<group>";
		};
		83793C90296B105C004F1213 /* Components */ = {
			isa = PBXGroup;
			children = (
				8347C9F0296DAE9C009D8774 /* Base */,
				834543C5296C21D700D83037 /* EndPoints */,
				834543C2296BC7C700D83037 /* Extension */,
				834543B6296BC69000D83037 /* Networking */,
				8347C9E9296DAAA2009D8774 /* Utils */,
			);
			path = Components;
			sourceTree = "<group>";
		};
		83793C91296B109A004F1213 /* DB */ = {
			isa = PBXGroup;
			children = (
				836241DE296B0D0D005D3A01 /* Persistence.swift */,
				836241E0296B0D0D005D3A01 /* GithubUsers.xcdatamodeld */,
			);
			path = DB;
			sourceTree = "<group>";
		};
		83793C92296B10B2004F1213 /* Home */ = {
			isa = PBXGroup;
			children = (
				8347C9ED296DAC69009D8774 /* Model */,
				8347C9EC296DAC60009D8774 /* UseCase */,
				8347C9EA296DAC44009D8774 /* View */,
				8347C9EB296DAC4E009D8774 /* ViewModel */,
			);
			path = Home;
			sourceTree = "<group>";
		};
		838B49CB2973C422007C616C /* DI */ = {
			isa = PBXGroup;
			children = (
				838B49CC2973C47A007C616C /* ViewModels+Injection.swift */,
				834FC3C629752C8500973676 /* UseCase+Injection.swift */,
			);
			path = DI;
			sourceTree = "<group>";
		};
/* End PBXGroup section */

/* Begin PBXNativeTarget section */
		836241D1296B0D0C005D3A01 /* GithubUsers */ = {
			isa = PBXNativeTarget;
			buildConfigurationList = 836241FB296B0D0E005D3A01 /* Build configuration list for PBXNativeTarget "GithubUsers" */;
			buildPhases = (
				836241CE296B0D0C005D3A01 /* Sources */,
				836241CF296B0D0C005D3A01 /* Frameworks */,
				836241D0296B0D0C005D3A01 /* Resources */,
			);
			buildRules = (
			);
			dependencies = (
			);
			name = GithubUsers;
			packageProductDependencies = (
				834543BB296BC71400D83037 /* Alamofire */,
				838B49C92973C3D4007C616C /* Factory */,
			);
			productName = GithubUsers;
			productReference = 836241D2296B0D0C005D3A01 /* GithubUsers.app */;
			productType = "com.apple.product-type.application";
		};
		836241E6296B0D0E005D3A01 /* GithubUsersTests */ = {
			isa = PBXNativeTarget;
			buildConfigurationList = 836241FE296B0D0E005D3A01 /* Build configuration list for PBXNativeTarget "GithubUsersTests" */;
			buildPhases = (
				836241E3296B0D0E005D3A01 /* Sources */,
				836241E4296B0D0E005D3A01 /* Frameworks */,
				836241E5296B0D0E005D3A01 /* Resources */,
			);
			buildRules = (
			);
			dependencies = (
				836241E9296B0D0E005D3A01 /* PBXTargetDependency */,
			);
			name = GithubUsersTests;
			productName = GithubUsersTests;
			productReference = 836241E7296B0D0E005D3A01 /* GithubUsersTests.xctest */;
			productType = "com.apple.product-type.bundle.unit-test";
		};
		836241F0296B0D0E005D3A01 /* GithubUsersUITests */ = {
			isa = PBXNativeTarget;
			buildConfigurationList = 83624201296B0D0E005D3A01 /* Build configuration list for PBXNativeTarget "GithubUsersUITests" */;
			buildPhases = (
				836241ED296B0D0E005D3A01 /* Sources */,
				836241EE296B0D0E005D3A01 /* Frameworks */,
				836241EF296B0D0E005D3A01 /* Resources */,
			);
			buildRules = (
			);
			dependencies = (
				836241F3296B0D0E005D3A01 /* PBXTargetDependency */,
			);
			name = GithubUsersUITests;
			productName = GithubUsersUITests;
			productReference = 836241F1296B0D0E005D3A01 /* GithubUsersUITests.xctest */;
			productType = "com.apple.product-type.bundle.ui-testing";
		};
/* End PBXNativeTarget section */

/* Begin PBXProject section */
		836241CA296B0D0C005D3A01 /* Project object */ = {
			isa = PBXProject;
			attributes = {
				BuildIndependentTargetsInParallel = 1;
				LastSwiftUpdateCheck = 1410;
				LastUpgradeCheck = 1410;
				TargetAttributes = {
					836241D1296B0D0C005D3A01 = {
						CreatedOnToolsVersion = 14.1;
					};
					836241E6296B0D0E005D3A01 = {
						CreatedOnToolsVersion = 14.1;
						TestTargetID = 836241D1296B0D0C005D3A01;
					};
					836241F0296B0D0E005D3A01 = {
						CreatedOnToolsVersion = 14.1;
						TestTargetID = 836241D1296B0D0C005D3A01;
					};
				};
			};
			buildConfigurationList = 836241CD296B0D0C005D3A01 /* Build configuration list for PBXProject "GithubUsers" */;
			compatibilityVersion = "Xcode 14.0";
			developmentRegion = en;
			hasScannedForEncodings = 0;
			knownRegions = (
				en,
				Base,
			);
			mainGroup = 836241C9296B0D0C005D3A01;
			packageReferences = (
				834543BA296BC71400D83037 /* XCRemoteSwiftPackageReference "Alamofire" */,
				838B49C82973C3D4007C616C /* XCRemoteSwiftPackageReference "Factory" */,
			);
			productRefGroup = 836241D3296B0D0C005D3A01 /* Products */;
			projectDirPath = "";
			projectRoot = "";
			targets = (
				836241D1296B0D0C005D3A01 /* GithubUsers */,
				836241E6296B0D0E005D3A01 /* GithubUsersTests */,
				836241F0296B0D0E005D3A01 /* GithubUsersUITests */,
			);
		};
/* End PBXProject section */

/* Begin PBXResourcesBuildPhase section */
		836241D0296B0D0C005D3A01 /* Resources */ = {
			isa = PBXResourcesBuildPhase;
			buildActionMask = 2147483647;
			files = (
				836241DD296B0D0D005D3A01 /* Preview Assets.xcassets in Resources */,
				836241DA296B0D0D005D3A01 /* Assets.xcassets in Resources */,
			);
			runOnlyForDeploymentPostprocessing = 0;
		};
		836241E5296B0D0E005D3A01 /* Resources */ = {
			isa = PBXResourcesBuildPhase;
			buildActionMask = 2147483647;
			files = (
			);
			runOnlyForDeploymentPostprocessing = 0;
		};
		836241EF296B0D0E005D3A01 /* Resources */ = {
			isa = PBXResourcesBuildPhase;
			buildActionMask = 2147483647;
			files = (
			);
			runOnlyForDeploymentPostprocessing = 0;
		};
/* End PBXResourcesBuildPhase section */

/* Begin PBXSourcesBuildPhase section */
		836241CE296B0D0C005D3A01 /* Sources */ = {
			isa = PBXSourcesBuildPhase;
			buildActionMask = 2147483647;
			files = (
				8347C9F5296DAEF3009D8774 /* ViewModelStatus.swift in Sources */,
				834543CE296C29F400D83037 /* AlamofireLogger.swift in Sources */,
				8347C9EF296DACB5009D8774 /* HomeView.swift in Sources */,
				833CCE13296E939B003A05F0 /* HomeViewModel.swift in Sources */,
				834543BE296BC76B00D83037 /* TargetType.swift in Sources */,
				838B49CD2973C47A007C616C /* ViewModels+Injection.swift in Sources */,
				836241DF296B0D0D005D3A01 /* Persistence.swift in Sources */,
				834543D0296C3D9A00D83037 /* MessageHelper.swift in Sources */,
				834543C9296C236E00D83037 /* ApiConfig.swift in Sources */,
				834FC3C729752C8500973676 /* UseCase+Injection.swift in Sources */,
				836241E2296B0D0D005D3A01 /* GithubUsers.xcdatamodeld in Sources */,
				836241D6296B0D0C005D3A01 /* GithubUsersApp.swift in Sources */,
				833CCE0F296E8E16003A05F0 /* BaseResponse.swift in Sources */,
				8348C4DB2971553700AB80BB /* Scheduler.swift in Sources */,
				834543B9296BC6EC00D83037 /* BaseAPI.swift in Sources */,
				834543D2296C5FB500D83037 /* AFError+Extension.swift in Sources */,
				834543C7296C221800D83037 /* HomeEndPoint.swift in Sources */,
				834543D6296C64DE00D83037 /* Certificates.swift in Sources */,
				8347C9F3296DAEC6009D8774 /* UnidirectionalDataFlowType.swift in Sources */,
				833CCE11296E90BE003A05F0 /* UserResponse.swift in Sources */,
				8348C4D9297154ED00AB80BB /* BaseViewModel.swift in Sources */,
				834543C1296BC7A100D83037 /* APIError.swift in Sources */,
				834543C4296BC7E600D83037 /* BaseAPI+Extension.swift in Sources */,
				833CCE0D296E8D69003A05F0 /* HomeUseCase.swift in Sources */,
			);
			runOnlyForDeploymentPostprocessing = 0;
		};
		836241E3296B0D0E005D3A01 /* Sources */ = {
			isa = PBXSourcesBuildPhase;
			buildActionMask = 2147483647;
			files = (
				836241EC296B0D0E005D3A01 /* GithubUsersTests.swift in Sources */,
			);
			runOnlyForDeploymentPostprocessing = 0;
		};
		836241ED296B0D0E005D3A01 /* Sources */ = {
			isa = PBXSourcesBuildPhase;
			buildActionMask = 2147483647;
			files = (
				836241F8296B0D0E005D3A01 /* GithubUsersUITestsLaunchTests.swift in Sources */,
				836241F6296B0D0E005D3A01 /* GithubUsersUITests.swift in Sources */,
			);
			runOnlyForDeploymentPostprocessing = 0;
		};
/* End PBXSourcesBuildPhase section */

/* Begin PBXTargetDependency section */
		836241E9296B0D0E005D3A01 /* PBXTargetDependency */ = {
			isa = PBXTargetDependency;
			target = 836241D1296B0D0C005D3A01 /* GithubUsers */;
			targetProxy = 836241E8296B0D0E005D3A01 /* PBXContainerItemProxy */;
		};
		836241F3296B0D0E005D3A01 /* PBXTargetDependency */ = {
			isa = PBXTargetDependency;
			target = 836241D1296B0D0C005D3A01 /* GithubUsers */;
			targetProxy = 836241F2296B0D0E005D3A01 /* PBXContainerItemProxy */;
		};
/* End PBXTargetDependency section */

/* Begin XCBuildConfiguration section */
		836241F9296B0D0E005D3A01 /* Debug */ = {
			isa = XCBuildConfiguration;
			buildSettings = {
				ALWAYS_SEARCH_USER_PATHS = NO;
				CLANG_ANALYZER_NONNULL = YES;
				CLANG_ANALYZER_NUMBER_OBJECT_CONVERSION = YES_AGGRESSIVE;
				CLANG_CXX_LANGUAGE_STANDARD = "gnu++20";
				CLANG_ENABLE_MODULES = YES;
				CLANG_ENABLE_OBJC_ARC = YES;
				CLANG_ENABLE_OBJC_WEAK = YES;
				CLANG_WARN_BLOCK_CAPTURE_AUTORELEASING = YES;
				CLANG_WARN_BOOL_CONVERSION = YES;
				CLANG_WARN_COMMA = YES;
				CLANG_WARN_CONSTANT_CONVERSION = YES;
				CLANG_WARN_DEPRECATED_OBJC_IMPLEMENTATIONS = YES;
				CLANG_WARN_DIRECT_OBJC_ISA_USAGE = YES_ERROR;
				CLANG_WARN_DOCUMENTATION_COMMENTS = YES;
				CLANG_WARN_EMPTY_BODY = YES;
				CLANG_WARN_ENUM_CONVERSION = YES;
				CLANG_WARN_INFINITE_RECURSION = YES;
				CLANG_WARN_INT_CONVERSION = YES;
				CLANG_WARN_NON_LITERAL_NULL_CONVERSION = YES;
				CLANG_WARN_OBJC_IMPLICIT_RETAIN_SELF = YES;
				CLANG_WARN_OBJC_LITERAL_CONVERSION = YES;
				CLANG_WARN_OBJC_ROOT_CLASS = YES_ERROR;
				CLANG_WARN_QUOTED_INCLUDE_IN_FRAMEWORK_HEADER = YES;
				CLANG_WARN_RANGE_LOOP_ANALYSIS = YES;
				CLANG_WARN_STRICT_PROTOTYPES = YES;
				CLANG_WARN_SUSPICIOUS_MOVE = YES;
				CLANG_WARN_UNGUARDED_AVAILABILITY = YES_AGGRESSIVE;
				CLANG_WARN_UNREACHABLE_CODE = YES;
				CLANG_WARN__DUPLICATE_METHOD_MATCH = YES;
				COPY_PHASE_STRIP = NO;
				DEBUG_INFORMATION_FORMAT = dwarf;
				ENABLE_STRICT_OBJC_MSGSEND = YES;
				ENABLE_TESTABILITY = YES;
				GCC_C_LANGUAGE_STANDARD = gnu11;
				GCC_DYNAMIC_NO_PIC = NO;
				GCC_NO_COMMON_BLOCKS = YES;
				GCC_OPTIMIZATION_LEVEL = 0;
				GCC_PREPROCESSOR_DEFINITIONS = (
					"DEBUG=1",
					"$(inherited)",
				);
				GCC_WARN_64_TO_32_BIT_CONVERSION = YES;
				GCC_WARN_ABOUT_RETURN_TYPE = YES_ERROR;
				GCC_WARN_UNDECLARED_SELECTOR = YES;
				GCC_WARN_UNINITIALIZED_AUTOS = YES_AGGRESSIVE;
				GCC_WARN_UNUSED_FUNCTION = YES;
				GCC_WARN_UNUSED_VARIABLE = YES;
				IPHONEOS_DEPLOYMENT_TARGET = 16.1;
				MTL_ENABLE_DEBUG_INFO = INCLUDE_SOURCE;
				MTL_FAST_MATH = YES;
				ONLY_ACTIVE_ARCH = YES;
				SDKROOT = iphoneos;
				SWIFT_ACTIVE_COMPILATION_CONDITIONS = DEBUG;
				SWIFT_OPTIMIZATION_LEVEL = "-Onone";
			};
			name = Debug;
		};
		836241FA296B0D0E005D3A01 /* Release */ = {
			isa = XCBuildConfiguration;
			buildSettings = {
				ALWAYS_SEARCH_USER_PATHS = NO;
				CLANG_ANALYZER_NONNULL = YES;
				CLANG_ANALYZER_NUMBER_OBJECT_CONVERSION = YES_AGGRESSIVE;
				CLANG_CXX_LANGUAGE_STANDARD = "gnu++20";
				CLANG_ENABLE_MODULES = YES;
				CLANG_ENABLE_OBJC_ARC = YES;
				CLANG_ENABLE_OBJC_WEAK = YES;
				CLANG_WARN_BLOCK_CAPTURE_AUTORELEASING = YES;
				CLANG_WARN_BOOL_CONVERSION = YES;
				CLANG_WARN_COMMA = YES;
				CLANG_WARN_CONSTANT_CONVERSION = YES;
				CLANG_WARN_DEPRECATED_OBJC_IMPLEMENTATIONS = YES;
				CLANG_WARN_DIRECT_OBJC_ISA_USAGE = YES_ERROR;
				CLANG_WARN_DOCUMENTATION_COMMENTS = YES;
				CLANG_WARN_EMPTY_BODY = YES;
				CLANG_WARN_ENUM_CONVERSION = YES;
				CLANG_WARN_INFINITE_RECURSION = YES;
				CLANG_WARN_INT_CONVERSION = YES;
				CLANG_WARN_NON_LITERAL_NULL_CONVERSION = YES;
				CLANG_WARN_OBJC_IMPLICIT_RETAIN_SELF = YES;
				CLANG_WARN_OBJC_LITERAL_CONVERSION = YES;
				CLANG_WARN_OBJC_ROOT_CLASS = YES_ERROR;
				CLANG_WARN_QUOTED_INCLUDE_IN_FRAMEWORK_HEADER = YES;
				CLANG_WARN_RANGE_LOOP_ANALYSIS = YES;
				CLANG_WARN_STRICT_PROTOTYPES = YES;
				CLANG_WARN_SUSPICIOUS_MOVE = YES;
				CLANG_WARN_UNGUARDED_AVAILABILITY = YES_AGGRESSIVE;
				CLANG_WARN_UNREACHABLE_CODE = YES;
				CLANG_WARN__DUPLICATE_METHOD_MATCH = YES;
				COPY_PHASE_STRIP = NO;
				DEBUG_INFORMATION_FORMAT = "dwarf-with-dsym";
				ENABLE_NS_ASSERTIONS = NO;
				ENABLE_STRICT_OBJC_MSGSEND = YES;
				GCC_C_LANGUAGE_STANDARD = gnu11;
				GCC_NO_COMMON_BLOCKS = YES;
				GCC_WARN_64_TO_32_BIT_CONVERSION = YES;
				GCC_WARN_ABOUT_RETURN_TYPE = YES_ERROR;
				GCC_WARN_UNDECLARED_SELECTOR = YES;
				GCC_WARN_UNINITIALIZED_AUTOS = YES_AGGRESSIVE;
				GCC_WARN_UNUSED_FUNCTION = YES;
				GCC_WARN_UNUSED_VARIABLE = YES;
				IPHONEOS_DEPLOYMENT_TARGET = 16.1;
				MTL_ENABLE_DEBUG_INFO = NO;
				MTL_FAST_MATH = YES;
				SDKROOT = iphoneos;
				SWIFT_COMPILATION_MODE = wholemodule;
				SWIFT_OPTIMIZATION_LEVEL = "-O";
				VALIDATE_PRODUCT = YES;
			};
			name = Release;
		};
		836241FC296B0D0E005D3A01 /* Debug */ = {
			isa = XCBuildConfiguration;
			buildSettings = {
				ASSETCATALOG_COMPILER_APPICON_NAME = AppIcon;
				ASSETCATALOG_COMPILER_GLOBAL_ACCENT_COLOR_NAME = AccentColor;
				CODE_SIGN_STYLE = Automatic;
				CURRENT_PROJECT_VERSION = 1;
				DEVELOPMENT_ASSET_PATHS = "\"GithubUsers/Preview Content\"";
				DEVELOPMENT_TEAM = UPCX9GY2XM;
				ENABLE_PREVIEWS = YES;
				GENERATE_INFOPLIST_FILE = YES;
				INFOPLIST_KEY_UIApplicationSceneManifest_Generation = YES;
				INFOPLIST_KEY_UIApplicationSupportsIndirectInputEvents = YES;
				INFOPLIST_KEY_UILaunchScreen_Generation = YES;
				INFOPLIST_KEY_UISupportedInterfaceOrientations_iPad = "UIInterfaceOrientationPortrait UIInterfaceOrientationPortraitUpsideDown UIInterfaceOrientationLandscapeLeft UIInterfaceOrientationLandscapeRight";
				INFOPLIST_KEY_UISupportedInterfaceOrientations_iPhone = "UIInterfaceOrientationPortrait UIInterfaceOrientationLandscapeLeft UIInterfaceOrientationLandscapeRight";
				LD_RUNPATH_SEARCH_PATHS = (
					"$(inherited)",
					"@executable_path/Frameworks",
				);
				MARKETING_VERSION = 1.0;
				PRODUCT_BUNDLE_IDENTIFIER = com.maro.GithubUsers;
				PRODUCT_NAME = "$(TARGET_NAME)";
				SWIFT_EMIT_LOC_STRINGS = YES;
				SWIFT_VERSION = 5.0;
				TARGETED_DEVICE_FAMILY = "1,2";
			};
			name = Debug;
		};
		836241FD296B0D0E005D3A01 /* Release */ = {
			isa = XCBuildConfiguration;
			buildSettings = {
				ASSETCATALOG_COMPILER_APPICON_NAME = AppIcon;
				ASSETCATALOG_COMPILER_GLOBAL_ACCENT_COLOR_NAME = AccentColor;
				CODE_SIGN_STYLE = Automatic;
				CURRENT_PROJECT_VERSION = 1;
				DEVELOPMENT_ASSET_PATHS = "\"GithubUsers/Preview Content\"";
				DEVELOPMENT_TEAM = UPCX9GY2XM;
				ENABLE_PREVIEWS = YES;
				GENERATE_INFOPLIST_FILE = YES;
				INFOPLIST_KEY_UIApplicationSceneManifest_Generation = YES;
				INFOPLIST_KEY_UIApplicationSupportsIndirectInputEvents = YES;
				INFOPLIST_KEY_UILaunchScreen_Generation = YES;
				INFOPLIST_KEY_UISupportedInterfaceOrientations_iPad = "UIInterfaceOrientationPortrait UIInterfaceOrientationPortraitUpsideDown UIInterfaceOrientationLandscapeLeft UIInterfaceOrientationLandscapeRight";
				INFOPLIST_KEY_UISupportedInterfaceOrientations_iPhone = "UIInterfaceOrientationPortrait UIInterfaceOrientationLandscapeLeft UIInterfaceOrientationLandscapeRight";
				LD_RUNPATH_SEARCH_PATHS = (
					"$(inherited)",
					"@executable_path/Frameworks",
				);
				MARKETING_VERSION = 1.0;
				PRODUCT_BUNDLE_IDENTIFIER = com.maro.GithubUsers;
				PRODUCT_NAME = "$(TARGET_NAME)";
				SWIFT_EMIT_LOC_STRINGS = YES;
				SWIFT_VERSION = 5.0;
				TARGETED_DEVICE_FAMILY = "1,2";
			};
			name = Release;
		};
		836241FF296B0D0E005D3A01 /* Debug */ = {
			isa = XCBuildConfiguration;
			buildSettings = {
				ALWAYS_EMBED_SWIFT_STANDARD_LIBRARIES = YES;
				BUNDLE_LOADER = "$(TEST_HOST)";
				CODE_SIGN_STYLE = Automatic;
				CURRENT_PROJECT_VERSION = 1;
				DEVELOPMENT_TEAM = UPCX9GY2XM;
				GENERATE_INFOPLIST_FILE = YES;
				IPHONEOS_DEPLOYMENT_TARGET = 16.1;
				MARKETING_VERSION = 1.0;
				PRODUCT_BUNDLE_IDENTIFIER = com.maro.GithubUsersTests;
				PRODUCT_NAME = "$(TARGET_NAME)";
				SWIFT_EMIT_LOC_STRINGS = NO;
				SWIFT_VERSION = 5.0;
				TARGETED_DEVICE_FAMILY = "1,2";
				TEST_HOST = "$(BUILT_PRODUCTS_DIR)/GithubUsers.app/$(BUNDLE_EXECUTABLE_FOLDER_PATH)/GithubUsers";
			};
			name = Debug;
		};
		83624200296B0D0E005D3A01 /* Release */ = {
			isa = XCBuildConfiguration;
			buildSettings = {
				ALWAYS_EMBED_SWIFT_STANDARD_LIBRARIES = YES;
				BUNDLE_LOADER = "$(TEST_HOST)";
				CODE_SIGN_STYLE = Automatic;
				CURRENT_PROJECT_VERSION = 1;
				DEVELOPMENT_TEAM = UPCX9GY2XM;
				GENERATE_INFOPLIST_FILE = YES;
				IPHONEOS_DEPLOYMENT_TARGET = 16.1;
				MARKETING_VERSION = 1.0;
				PRODUCT_BUNDLE_IDENTIFIER = com.maro.GithubUsersTests;
				PRODUCT_NAME = "$(TARGET_NAME)";
				SWIFT_EMIT_LOC_STRINGS = NO;
				SWIFT_VERSION = 5.0;
				TARGETED_DEVICE_FAMILY = "1,2";
				TEST_HOST = "$(BUILT_PRODUCTS_DIR)/GithubUsers.app/$(BUNDLE_EXECUTABLE_FOLDER_PATH)/GithubUsers";
			};
			name = Release;
		};
		83624202296B0D0E005D3A01 /* Debug */ = {
			isa = XCBuildConfiguration;
			buildSettings = {
				ALWAYS_EMBED_SWIFT_STANDARD_LIBRARIES = YES;
				CODE_SIGN_STYLE = Automatic;
				CURRENT_PROJECT_VERSION = 1;
				DEVELOPMENT_TEAM = UPCX9GY2XM;
				GENERATE_INFOPLIST_FILE = YES;
				MARKETING_VERSION = 1.0;
				PRODUCT_BUNDLE_IDENTIFIER = com.maro.GithubUsersUITests;
				PRODUCT_NAME = "$(TARGET_NAME)";
				SWIFT_EMIT_LOC_STRINGS = NO;
				SWIFT_VERSION = 5.0;
				TARGETED_DEVICE_FAMILY = "1,2";
				TEST_TARGET_NAME = GithubUsers;
			};
			name = Debug;
		};
		83624203296B0D0E005D3A01 /* Release */ = {
			isa = XCBuildConfiguration;
			buildSettings = {
				ALWAYS_EMBED_SWIFT_STANDARD_LIBRARIES = YES;
				CODE_SIGN_STYLE = Automatic;
				CURRENT_PROJECT_VERSION = 1;
				DEVELOPMENT_TEAM = UPCX9GY2XM;
				GENERATE_INFOPLIST_FILE = YES;
				MARKETING_VERSION = 1.0;
				PRODUCT_BUNDLE_IDENTIFIER = com.maro.GithubUsersUITests;
				PRODUCT_NAME = "$(TARGET_NAME)";
				SWIFT_EMIT_LOC_STRINGS = NO;
				SWIFT_VERSION = 5.0;
				TARGETED_DEVICE_FAMILY = "1,2";
				TEST_TARGET_NAME = GithubUsers;
			};
			name = Release;
		};
/* End XCBuildConfiguration section */

/* Begin XCConfigurationList section */
		836241CD296B0D0C005D3A01 /* Build configuration list for PBXProject "GithubUsers" */ = {
			isa = XCConfigurationList;
			buildConfigurations = (
				836241F9296B0D0E005D3A01 /* Debug */,
				836241FA296B0D0E005D3A01 /* Release */,
			);
			defaultConfigurationIsVisible = 0;
			defaultConfigurationName = Release;
		};
		836241FB296B0D0E005D3A01 /* Build configuration list for PBXNativeTarget "GithubUsers" */ = {
			isa = XCConfigurationList;
			buildConfigurations = (
				836241FC296B0D0E005D3A01 /* Debug */,
				836241FD296B0D0E005D3A01 /* Release */,
			);
			defaultConfigurationIsVisible = 0;
			defaultConfigurationName = Release;
		};
		836241FE296B0D0E005D3A01 /* Build configuration list for PBXNativeTarget "GithubUsersTests" */ = {
			isa = XCConfigurationList;
			buildConfigurations = (
				836241FF296B0D0E005D3A01 /* Debug */,
				83624200296B0D0E005D3A01 /* Release */,
			);
			defaultConfigurationIsVisible = 0;
			defaultConfigurationName = Release;
		};
		83624201296B0D0E005D3A01 /* Build configuration list for PBXNativeTarget "GithubUsersUITests" */ = {
			isa = XCConfigurationList;
			buildConfigurations = (
				83624202296B0D0E005D3A01 /* Debug */,
				83624203296B0D0E005D3A01 /* Release */,
			);
			defaultConfigurationIsVisible = 0;
			defaultConfigurationName = Release;
		};
/* End XCConfigurationList section */

/* Begin XCRemoteSwiftPackageReference section */
		834543BA296BC71400D83037 /* XCRemoteSwiftPackageReference "Alamofire" */ = {
			isa = XCRemoteSwiftPackageReference;
			repositoryURL = "https://github.com/Alamofire/Alamofire";
			requirement = {
				kind = upToNextMajorVersion;
				minimumVersion = 5.6.1;
			};
		};
		838B49C82973C3D4007C616C /* XCRemoteSwiftPackageReference "Factory" */ = {
			isa = XCRemoteSwiftPackageReference;
			repositoryURL = "https://github.com/hmlongco/Factory.git";
			requirement = {
				kind = upToNextMajorVersion;
				minimumVersion = 1.0.0;
			};
		};
/* End XCRemoteSwiftPackageReference section */

/* Begin XCSwiftPackageProductDependency section */
		834543BB296BC71400D83037 /* Alamofire */ = {
			isa = XCSwiftPackageProductDependency;
			package = 834543BA296BC71400D83037 /* XCRemoteSwiftPackageReference "Alamofire" */;
			productName = Alamofire;
		};
		838B49C92973C3D4007C616C /* Factory */ = {
			isa = XCSwiftPackageProductDependency;
			package = 838B49C82973C3D4007C616C /* XCRemoteSwiftPackageReference "Factory" */;
			productName = Factory;
		};
/* End XCSwiftPackageProductDependency section */

/* Begin XCVersionGroup section */
		836241E0296B0D0D005D3A01 /* GithubUsers.xcdatamodeld */ = {
			isa = XCVersionGroup;
			children = (
				836241E1296B0D0D005D3A01 /* GithubUsers.xcdatamodel */,
			);
			currentVersion = 836241E1296B0D0D005D3A01 /* GithubUsers.xcdatamodel */;
			path = GithubUsers.xcdatamodeld;
			sourceTree = "<group>";
			versionGroupType = wrapper.xcdatamodel;
		};
/* End XCVersionGroup section */
	};
	rootObject = 836241CA296B0D0C005D3A01 /* Project object */;
}
